// !$*UTF8*$!
{
	archiveVersion = 1;
	classes = {
	};
	objectVersion = 50;
	objects = {

/* Begin PBXBuildFile section */
		5958CFDB215FAE3000AD1BA6 /* AppDelegate.swift in Sources */ = {isa = PBXBuildFile; fileRef = 5958CFDA215FAE3000AD1BA6 /* AppDelegate.swift */; };
		5958CFDD215FAE3000AD1BA6 /* ViewController.swift in Sources */ = {isa = PBXBuildFile; fileRef = 5958CFDC215FAE3000AD1BA6 /* ViewController.swift */; };
		5958CFE0215FAE3000AD1BA6 /* Main.storyboard in Resources */ = {isa = PBXBuildFile; fileRef = 5958CFDE215FAE3000AD1BA6 /* Main.storyboard */; };
		5958CFE2215FAE3100AD1BA6 /* Assets.xcassets in Resources */ = {isa = PBXBuildFile; fileRef = 5958CFE1215FAE3100AD1BA6 /* Assets.xcassets */; };
		5958CFE5215FAE3100AD1BA6 /* LaunchScreen.storyboard in Resources */ = {isa = PBXBuildFile; fileRef = 5958CFE3215FAE3100AD1BA6 /* LaunchScreen.storyboard */; };
		5958CFF0215FAE3100AD1BA6 /* SCTextViewTests.swift in Sources */ = {isa = PBXBuildFile; fileRef = 5958CFEF215FAE3100AD1BA6 /* SCTextViewTests.swift */; };
		5958CFFB215FAE3100AD1BA6 /* SCTextViewUITests.swift in Sources */ = {isa = PBXBuildFile; fileRef = 5958CFFA215FAE3100AD1BA6 /* SCTextViewUITests.swift */; };
		A43C36DC21FC52AB00F8A216 /* SCTextView.swift in Sources */ = {isa = PBXBuildFile; fileRef = A43C36DB21FC52AB00F8A216 /* SCTextView.swift */; };
		A43C36DE21FC52C500F8A216 /* SCTextView.xib in Resources */ = {isa = PBXBuildFile; fileRef = A43C36DD21FC52C500F8A216 /* SCTextView.xib */; };
/* End PBXBuildFile section */

/* Begin PBXContainerItemProxy section */
		5958CFEC215FAE3100AD1BA6 /* PBXContainerItemProxy */ = {
			isa = PBXContainerItemProxy;
			containerPortal = 5958CFCF215FAE3000AD1BA6 /* Project object */;
			proxyType = 1;
			remoteGlobalIDString = 5958CFD6215FAE3000AD1BA6;
			remoteInfo = SCTextView;
		};
		5958CFF7215FAE3100AD1BA6 /* PBXContainerItemProxy */ = {
			isa = PBXContainerItemProxy;
			containerPortal = 5958CFCF215FAE3000AD1BA6 /* Project object */;
			proxyType = 1;
			remoteGlobalIDString = 5958CFD6215FAE3000AD1BA6;
			remoteInfo = SCTextView;
		};
/* End PBXContainerItemProxy section */

/* Begin PBXFileReference section */
		5958CFD7215FAE3000AD1BA6 /* SCTextView.app */ = {isa = PBXFileReference; explicitFileType = wrapper.application; includeInIndex = 0; path = SCTextView.app; sourceTree = BUILT_PRODUCTS_DIR; };
		5958CFDA215FAE3000AD1BA6 /* AppDelegate.swift */ = {isa = PBXFileReference; lastKnownFileType = sourcecode.swift; path = AppDelegate.swift; sourceTree = "<group>"; };
		5958CFDC215FAE3000AD1BA6 /* ViewController.swift */ = {isa = PBXFileReference; lastKnownFileType = sourcecode.swift; path = ViewController.swift; sourceTree = "<group>"; };
		5958CFDF215FAE3000AD1BA6 /* Base */ = {isa = PBXFileReference; lastKnownFileType = file.storyboard; name = Base; path = Base.lproj/Main.storyboard; sourceTree = "<group>"; };
		5958CFE1215FAE3100AD1BA6 /* Assets.xcassets */ = {isa = PBXFileReference; lastKnownFileType = folder.assetcatalog; path = Assets.xcassets; sourceTree = "<group>"; };
		5958CFE4215FAE3100AD1BA6 /* Base */ = {isa = PBXFileReference; lastKnownFileType = file.storyboard; name = Base; path = Base.lproj/LaunchScreen.storyboard; sourceTree = "<group>"; };
		5958CFE6215FAE3100AD1BA6 /* Info.plist */ = {isa = PBXFileReference; lastKnownFileType = text.plist.xml; path = Info.plist; sourceTree = "<group>"; };
		5958CFEB215FAE3100AD1BA6 /* SCTextViewTests.xctest */ = {isa = PBXFileReference; explicitFileType = wrapper.cfbundle; includeInIndex = 0; path = SCTextViewTests.xctest; sourceTree = BUILT_PRODUCTS_DIR; };
		5958CFEF215FAE3100AD1BA6 /* SCTextViewTests.swift */ = {isa = PBXFileReference; lastKnownFileType = sourcecode.swift; path = SCTextViewTests.swift; sourceTree = "<group>"; };
		5958CFF1215FAE3100AD1BA6 /* Info.plist */ = {isa = PBXFileReference; lastKnownFileType = text.plist.xml; path = Info.plist; sourceTree = "<group>"; };
		5958CFF6215FAE3100AD1BA6 /* SCTextViewUITests.xctest */ = {isa = PBXFileReference; explicitFileType = wrapper.cfbundle; includeInIndex = 0; path = SCTextViewUITests.xctest; sourceTree = BUILT_PRODUCTS_DIR; };
		5958CFFA215FAE3100AD1BA6 /* SCTextViewUITests.swift */ = {isa = PBXFileReference; lastKnownFileType = sourcecode.swift; path = SCTextViewUITests.swift; sourceTree = "<group>"; };
		5958CFFC215FAE3100AD1BA6 /* Info.plist */ = {isa = PBXFileReference; lastKnownFileType = text.plist.xml; path = Info.plist; sourceTree = "<group>"; };
		A43C36DB21FC52AB00F8A216 /* SCTextView.swift */ = {isa = PBXFileReference; lastKnownFileType = sourcecode.swift; path = SCTextView.swift; sourceTree = "<group>"; };
		A43C36DD21FC52C500F8A216 /* SCTextView.xib */ = {isa = PBXFileReference; lastKnownFileType = file.xib; path = SCTextView.xib; sourceTree = "<group>"; };
/* End PBXFileReference section */

/* Begin PBXFrameworksBuildPhase section */
		5958CFD4215FAE3000AD1BA6 /* Frameworks */ = {
			isa = PBXFrameworksBuildPhase;
			buildActionMask = 2147483647;
			files = (
			);
			runOnlyForDeploymentPostprocessing = 0;
		};
		5958CFE8215FAE3100AD1BA6 /* Frameworks */ = {
			isa = PBXFrameworksBuildPhase;
			buildActionMask = 2147483647;
			files = (
			);
			runOnlyForDeploymentPostprocessing = 0;
		};
		5958CFF3215FAE3100AD1BA6 /* Frameworks */ = {
			isa = PBXFrameworksBuildPhase;
			buildActionMask = 2147483647;
			files = (
			);
			runOnlyForDeploymentPostprocessing = 0;
		};
/* End PBXFrameworksBuildPhase section */

/* Begin PBXGroup section */
		5958CFCE215FAE3000AD1BA6 = {
			isa = PBXGroup;
			children = (
				5958CFD9215FAE3000AD1BA6 /* SCTextView */,
				5958CFEE215FAE3100AD1BA6 /* SCTextViewTests */,
				5958CFF9215FAE3100AD1BA6 /* SCTextViewUITests */,
				5958CFD8215FAE3000AD1BA6 /* Products */,
			);
			sourceTree = "<group>";
		};
		5958CFD8215FAE3000AD1BA6 /* Products */ = {
			isa = PBXGroup;
			children = (
				5958CFD7215FAE3000AD1BA6 /* SCTextView.app */,
				5958CFEB215FAE3100AD1BA6 /* SCTextViewTests.xctest */,
				5958CFF6215FAE3100AD1BA6 /* SCTextViewUITests.xctest */,
			);
			name = Products;
			sourceTree = "<group>";
		};
		5958CFD9215FAE3000AD1BA6 /* SCTextView */ = {
			isa = PBXGroup;
			children = (
				A43C36DA21FC527D00F8A216 /* SCTextView */,
				5958CFDA215FAE3000AD1BA6 /* AppDelegate.swift */,
				5958CFDC215FAE3000AD1BA6 /* ViewController.swift */,
				5958CFDE215FAE3000AD1BA6 /* Main.storyboard */,
				5958CFE1215FAE3100AD1BA6 /* Assets.xcassets */,
				5958CFE3215FAE3100AD1BA6 /* LaunchScreen.storyboard */,
				5958CFE6215FAE3100AD1BA6 /* Info.plist */,
			);
			path = SCTextView;
			sourceTree = "<group>";
		};
		5958CFEE215FAE3100AD1BA6 /* SCTextViewTests */ = {
			isa = PBXGroup;
			children = (
				5958CFEF215FAE3100AD1BA6 /* SCTextViewTests.swift */,
				5958CFF1215FAE3100AD1BA6 /* Info.plist */,
			);
			path = SCTextViewTests;
			sourceTree = "<group>";
		};
		5958CFF9215FAE3100AD1BA6 /* SCTextViewUITests */ = {
			isa = PBXGroup;
			children = (
				5958CFFA215FAE3100AD1BA6 /* SCTextViewUITests.swift */,
				5958CFFC215FAE3100AD1BA6 /* Info.plist */,
			);
			path = SCTextViewUITests;
			sourceTree = "<group>";
		};
		A43C36DA21FC527D00F8A216 /* SCTextView */ = {
			isa = PBXGroup;
			children = (
				A43C36DB21FC52AB00F8A216 /* SCTextView.swift */,
				A43C36DD21FC52C500F8A216 /* SCTextView.xib */,
			);
			path = SCTextView;
			sourceTree = "<group>";
		};
/* End PBXGroup section */

/* Begin PBXNativeTarget section */
		5958CFD6215FAE3000AD1BA6 /* SCTextView */ = {
			isa = PBXNativeTarget;
			buildConfigurationList = 5958CFFF215FAE3100AD1BA6 /* Build configuration list for PBXNativeTarget "SCTextView" */;
			buildPhases = (
				5958CFD3215FAE3000AD1BA6 /* Sources */,
				5958CFD4215FAE3000AD1BA6 /* Frameworks */,
				5958CFD5215FAE3000AD1BA6 /* Resources */,
			);
			buildRules = (
			);
			dependencies = (
			);
			name = SCTextView;
			productName = SCTextView;
			productReference = 5958CFD7215FAE3000AD1BA6 /* SCTextView.app */;
			productType = "com.apple.product-type.application";
		};
		5958CFEA215FAE3100AD1BA6 /* SCTextViewTests */ = {
			isa = PBXNativeTarget;
			buildConfigurationList = 5958D002215FAE3100AD1BA6 /* Build configuration list for PBXNativeTarget "SCTextViewTests" */;
			buildPhases = (
				5958CFE7215FAE3100AD1BA6 /* Sources */,
				5958CFE8215FAE3100AD1BA6 /* Frameworks */,
				5958CFE9215FAE3100AD1BA6 /* Resources */,
			);
			buildRules = (
			);
			dependencies = (
				5958CFED215FAE3100AD1BA6 /* PBXTargetDependency */,
			);
			name = SCTextViewTests;
			productName = SCTextViewTests;
			productReference = 5958CFEB215FAE3100AD1BA6 /* SCTextViewTests.xctest */;
			productType = "com.apple.product-type.bundle.unit-test";
		};
		5958CFF5215FAE3100AD1BA6 /* SCTextViewUITests */ = {
			isa = PBXNativeTarget;
			buildConfigurationList = 5958D005215FAE3100AD1BA6 /* Build configuration list for PBXNativeTarget "SCTextViewUITests" */;
			buildPhases = (
				5958CFF2215FAE3100AD1BA6 /* Sources */,
				5958CFF3215FAE3100AD1BA6 /* Frameworks */,
				5958CFF4215FAE3100AD1BA6 /* Resources */,
			);
			buildRules = (
			);
			dependencies = (
				5958CFF8215FAE3100AD1BA6 /* PBXTargetDependency */,
			);
			name = SCTextViewUITests;
			productName = SCTextViewUITests;
			productReference = 5958CFF6215FAE3100AD1BA6 /* SCTextViewUITests.xctest */;
			productType = "com.apple.product-type.bundle.ui-testing";
		};
/* End PBXNativeTarget section */

/* Begin PBXProject section */
		5958CFCF215FAE3000AD1BA6 /* Project object */ = {
			isa = PBXProject;
			attributes = {
				LastSwiftUpdateCheck = 1000;
				LastUpgradeCheck = 1000;
				ORGANIZATIONNAME = "kim sunchul";
				TargetAttributes = {
					5958CFD6215FAE3000AD1BA6 = {
						CreatedOnToolsVersion = 10.0;
					};
					5958CFEA215FAE3100AD1BA6 = {
						CreatedOnToolsVersion = 10.0;
						TestTargetID = 5958CFD6215FAE3000AD1BA6;
					};
					5958CFF5215FAE3100AD1BA6 = {
						CreatedOnToolsVersion = 10.0;
						TestTargetID = 5958CFD6215FAE3000AD1BA6;
					};
				};
			};
			buildConfigurationList = 5958CFD2215FAE3000AD1BA6 /* Build configuration list for PBXProject "SCTextView" */;
			compatibilityVersion = "Xcode 9.3";
			developmentRegion = en;
			hasScannedForEncodings = 0;
			knownRegions = (
				en,
				Base,
			);
			mainGroup = 5958CFCE215FAE3000AD1BA6;
			productRefGroup = 5958CFD8215FAE3000AD1BA6 /* Products */;
			projectDirPath = "";
			projectRoot = "";
			targets = (
				5958CFD6215FAE3000AD1BA6 /* SCTextView */,
				5958CFEA215FAE3100AD1BA6 /* SCTextViewTests */,
				5958CFF5215FAE3100AD1BA6 /* SCTextViewUITests */,
			);
		};
/* End PBXProject section */

/* Begin PBXResourcesBuildPhase section */
		5958CFD5215FAE3000AD1BA6 /* Resources */ = {
			isa = PBXResourcesBuildPhase;
			buildActionMask = 2147483647;
			files = (
				5958CFE5215FAE3100AD1BA6 /* LaunchScreen.storyboard in Resources */,
				A43C36DE21FC52C500F8A216 /* SCTextView.xib in Resources */,
				5958CFE2215FAE3100AD1BA6 /* Assets.xcassets in Resources */,
				5958CFE0215FAE3000AD1BA6 /* Main.storyboard in Resources */,
			);
			runOnlyForDeploymentPostprocessing = 0;
		};
		5958CFE9215FAE3100AD1BA6 /* Resources */ = {
			isa = PBXResourcesBuildPhase;
			buildActionMask = 2147483647;
			files = (
			);
			runOnlyForDeploymentPostprocessing = 0;
		};
		5958CFF4215FAE3100AD1BA6 /* Resources */ = {
			isa = PBXResourcesBuildPhase;
			buildActionMask = 2147483647;
			files = (
			);
			runOnlyForDeploymentPostprocessing = 0;
		};
/* End PBXResourcesBuildPhase section */

/* Begin PBXSourcesBuildPhase section */
		5958CFD3215FAE3000AD1BA6 /* Sources */ = {
			isa = PBXSourcesBuildPhase;
			buildActionMask = 2147483647;
			files = (
				5958CFDD215FAE3000AD1BA6 /* ViewController.swift in Sources */,
				A43C36DC21FC52AB00F8A216 /* SCTextView.swift in Sources */,
				5958CFDB215FAE3000AD1BA6 /* AppDelegate.swift in Sources */,
			);
			runOnlyForDeploymentPostprocessing = 0;
		};
		5958CFE7215FAE3100AD1BA6 /* Sources */ = {
			isa = PBXSourcesBuildPhase;
			buildActionMask = 2147483647;
			files = (
				5958CFF0215FAE3100AD1BA6 /* SCTextViewTests.swift in Sources */,
			);
			runOnlyForDeploymentPostprocessing = 0;
		};
		5958CFF2215FAE3100AD1BA6 /* Sources */ = {
			isa = PBXSourcesBuildPhase;
			buildActionMask = 2147483647;
			files = (
				5958CFFB215FAE3100AD1BA6 /* SCTextViewUITests.swift in Sources */,
			);
			runOnlyForDeploymentPostprocessing = 0;
		};
/* End PBXSourcesBuildPhase section */

/* Begin PBXTargetDependency section */
		5958CFED215FAE3100AD1BA6 /* PBXTargetDependency */ = {
			isa = PBXTargetDependency;
			target = 5958CFD6215FAE3000AD1BA6 /* SCTextView */;
			targetProxy = 5958CFEC215FAE3100AD1BA6 /* PBXContainerItemProxy */;
		};
		5958CFF8215FAE3100AD1BA6 /* PBXTargetDependency */ = {
			isa = PBXTargetDependency;
			target = 5958CFD6215FAE3000AD1BA6 /* SCTextView */;
			targetProxy = 5958CFF7215FAE3100AD1BA6 /* PBXContainerItemProxy */;
		};
/* End PBXTargetDependency section */

/* Begin PBXVariantGroup section */
		5958CFDE215FAE3000AD1BA6 /* Main.storyboard */ = {
			isa = PBXVariantGroup;
			children = (
				5958CFDF215FAE3000AD1BA6 /* Base */,
			);
			name = Main.storyboard;
			sourceTree = "<group>";
		};
		5958CFE3215FAE3100AD1BA6 /* LaunchScreen.storyboard */ = {
			isa = PBXVariantGroup;
			children = (
				5958CFE4215FAE3100AD1BA6 /* Base */,
			);
			name = LaunchScreen.storyboard;
			sourceTree = "<group>";
		};
/* End PBXVariantGroup section */

/* Begin XCBuildConfiguration section */
		5958CFFD215FAE3100AD1BA6 /* Debug */ = {
			isa = XCBuildConfiguration;
			buildSettings = {
				ALWAYS_SEARCH_USER_PATHS = NO;
				CLANG_ANALYZER_NONNULL = YES;
				CLANG_ANALYZER_NUMBER_OBJECT_CONVERSION = YES_AGGRESSIVE;
				CLANG_CXX_LANGUAGE_STANDARD = "gnu++14";
				CLANG_CXX_LIBRARY = "libc++";
				CLANG_ENABLE_MODULES = YES;
				CLANG_ENABLE_OBJC_ARC = YES;
				CLANG_ENABLE_OBJC_WEAK = YES;
				CLANG_WARN_BLOCK_CAPTURE_AUTORELEASING = YES;
				CLANG_WARN_BOOL_CONVERSION = YES;
				CLANG_WARN_COMMA = YES;
				CLANG_WARN_CONSTANT_CONVERSION = YES;
				CLANG_WARN_DEPRECATED_OBJC_IMPLEMENTATIONS = YES;
				CLANG_WARN_DIRECT_OBJC_ISA_USAGE = YES_ERROR;
				CLANG_WARN_DOCUMENTATION_COMMENTS = YES;
				CLANG_WARN_EMPTY_BODY = YES;
				CLANG_WARN_ENUM_CONVERSION = YES;
				CLANG_WARN_INFINITE_RECURSION = YES;
				CLANG_WARN_INT_CONVERSION = YES;
				CLANG_WARN_NON_LITERAL_NULL_CONVERSION = YES;
				CLANG_WARN_OBJC_IMPLICIT_RETAIN_SELF = YES;
				CLANG_WARN_OBJC_LITERAL_CONVERSION = YES;
				CLANG_WARN_OBJC_ROOT_CLASS = YES_ERROR;
				CLANG_WARN_RANGE_LOOP_ANALYSIS = YES;
				CLANG_WARN_STRICT_PROTOTYPES = YES;
				CLANG_WARN_SUSPICIOUS_MOVE = YES;
				CLANG_WARN_UNGUARDED_AVAILABILITY = YES_AGGRESSIVE;
				CLANG_WARN_UNREACHABLE_CODE = YES;
				CLANG_WARN__DUPLICATE_METHOD_MATCH = YES;
				CODE_SIGN_IDENTITY = "iPhone Developer";
				COPY_PHASE_STRIP = NO;
				DEBUG_INFORMATION_FORMAT = dwarf;
				ENABLE_STRICT_OBJC_MSGSEND = YES;
				ENABLE_TESTABILITY = YES;
				GCC_C_LANGUAGE_STANDARD = gnu11;
				GCC_DYNAMIC_NO_PIC = NO;
				GCC_NO_COMMON_BLOCKS = YES;
				GCC_OPTIMIZATION_LEVEL = 0;
				GCC_PREPROCESSOR_DEFINITIONS = (
					"DEBUG=1",
					"$(inherited)",
				);
				GCC_WARN_64_TO_32_BIT_CONVERSION = YES;
				GCC_WARN_ABOUT_RETURN_TYPE = YES_ERROR;
				GCC_WARN_UNDECLARED_SELECTOR = YES;
				GCC_WARN_UNINITIALIZED_AUTOS = YES_AGGRESSIVE;
				GCC_WARN_UNUSED_FUNCTION = YES;
				GCC_WARN_UNUSED_VARIABLE = YES;
				IPHONEOS_DEPLOYMENT_TARGET = 12.0;
				MTL_ENABLE_DEBUG_INFO = INCLUDE_SOURCE;
				MTL_FAST_MATH = YES;
				ONLY_ACTIVE_ARCH = YES;
				SDKROOT = iphoneos;
				SWIFT_ACTIVE_COMPILATION_CONDITIONS = DEBUG;
				SWIFT_OPTIMIZATION_LEVEL = "-Onone";
			};
			name = Debug;
		};
		5958CFFE215FAE3100AD1BA6 /* Release */ = {
			isa = XCBuildConfiguration;
			buildSettings = {
				ALWAYS_SEARCH_USER_PATHS = NO;
				CLANG_ANALYZER_NONNULL = YES;
				CLANG_ANALYZER_NUMBER_OBJECT_CONVERSION = YES_AGGRESSIVE;
				CLANG_CXX_LANGUAGE_STANDARD = "gnu++14";
				CLANG_CXX_LIBRARY = "libc++";
				CLANG_ENABLE_MODULES = YES;
				CLANG_ENABLE_OBJC_ARC = YES;
				CLANG_ENABLE_OBJC_WEAK = YES;
				CLANG_WARN_BLOCK_CAPTURE_AUTORELEASING = YES;
				CLANG_WARN_BOOL_CONVERSION = YES;
				CLANG_WARN_COMMA = YES;
				CLANG_WARN_CONSTANT_CONVERSION = YES;
				CLANG_WARN_DEPRECATED_OBJC_IMPLEMENTATIONS = YES;
				CLANG_WARN_DIRECT_OBJC_ISA_USAGE = YES_ERROR;
				CLANG_WARN_DOCUMENTATION_COMMENTS = YES;
				CLANG_WARN_EMPTY_BODY = YES;
				CLANG_WARN_ENUM_CONVERSION = YES;
				CLANG_WARN_INFINITE_RECURSION = YES;
				CLANG_WARN_INT_CONVERSION = YES;
				CLANG_WARN_NON_LITERAL_NULL_CONVERSION = YES;
				CLANG_WARN_OBJC_IMPLICIT_RETAIN_SELF = YES;
				CLANG_WARN_OBJC_LITERAL_CONVERSION = YES;
				CLANG_WARN_OBJC_ROOT_CLASS = YES_ERROR;
				CLANG_WARN_RANGE_LOOP_ANALYSIS = YES;
				CLANG_WARN_STRICT_PROTOTYPES = YES;
				CLANG_WARN_SUSPICIOUS_MOVE = YES;
				CLANG_WARN_UNGUARDED_AVAILABILITY = YES_AGGRESSIVE;
				CLANG_WARN_UNREACHABLE_CODE = YES;
				CLANG_WARN__DUPLICATE_METHOD_MATCH = YES;
				CODE_SIGN_IDENTITY = "iPhone Developer";
				COPY_PHASE_STRIP = NO;
				DEBUG_INFORMATION_FORMAT = "dwarf-with-dsym";
				ENABLE_NS_ASSERTIONS = NO;
				ENABLE_STRICT_OBJC_MSGSEND = YES;
				GCC_C_LANGUAGE_STANDARD = gnu11;
				GCC_NO_COMMON_BLOCKS = YES;
				GCC_WARN_64_TO_32_BIT_CONVERSION = YES;
				GCC_WARN_ABOUT_RETURN_TYPE = YES_ERROR;
				GCC_WARN_UNDECLARED_SELECTOR = YES;
				GCC_WARN_UNINITIALIZED_AUTOS = YES_AGGRESSIVE;
				GCC_WARN_UNUSED_FUNCTION = YES;
				GCC_WARN_UNUSED_VARIABLE = YES;
				IPHONEOS_DEPLOYMENT_TARGET = 12.0;
				MTL_ENABLE_DEBUG_INFO = NO;
				MTL_FAST_MATH = YES;
				SDKROOT = iphoneos;
				SWIFT_COMPILATION_MODE = wholemodule;
				SWIFT_OPTIMIZATION_LEVEL = "-O";
				VALIDATE_PRODUCT = YES;
			};
			name = Release;
		};
		5958D000215FAE3100AD1BA6 /* Debug */ = {
			isa = XCBuildConfiguration;
			buildSettings = {
				ASSETCATALOG_COMPILER_APPICON_NAME = AppIcon;
				CODE_SIGN_STYLE = Automatic;
				CURRENT_PROJECT_VERSION = 1.0.2;
				DEVELOPMENT_TEAM = VN8EE7NPXV;
				INFOPLIST_FILE = SCTextView/Info.plist;
				LD_RUNPATH_SEARCH_PATHS = (
					"$(inherited)",
					"@executable_path/Frameworks",
				);
				PRODUCT_BUNDLE_IDENTIFIER = com.tronplay.SCTextView;
				PRODUCT_NAME = "$(TARGET_NAME)";
				SWIFT_VERSION = 4.2;
				TARGETED_DEVICE_FAMILY = "1,2";
			};
			name = Debug;
		};
		5958D001215FAE3100AD1BA6 /* Release */ = {
			isa = XCBuildConfiguration;
			buildSettings = {
				ASSETCATALOG_COMPILER_APPICON_NAME = AppIcon;
				CODE_SIGN_STYLE = Automatic;
				CURRENT_PROJECT_VERSION = 1.0.2;
				DEVELOPMENT_TEAM = VN8EE7NPXV;
				INFOPLIST_FILE = SCTextView/Info.plist;
				LD_RUNPATH_SEARCH_PATHS = (
					"$(inherited)",
					"@executable_path/Frameworks",
				);
				PRODUCT_BUNDLE_IDENTIFIER = com.tronplay.SCTextView;
				PRODUCT_NAME = "$(TARGET_NAME)";
				SWIFT_VERSION = 4.2;
				TARGETED_DEVICE_FAMILY = "1,2";
			};
			name = Release;
		};
		5958D003215FAE3100AD1BA6 /* Debug */ = {
			isa = XCBuildConfiguration;
			buildSettings = {
				ALWAYS_EMBED_SWIFT_STANDARD_LIBRARIES = YES;
				BUNDLE_LOADER = "$(TEST_HOST)";
				CODE_SIGN_STYLE = Automatic;
				INFOPLIST_FILE = SCTextViewTests/Info.plist;
				LD_RUNPATH_SEARCH_PATHS = (
					"$(inherited)",
					"@executable_path/Frameworks",
					"@loader_path/Frameworks",
				);
				PRODUCT_BUNDLE_IDENTIFIER = com.tronplay.SCTextViewTests;
				PRODUCT_NAME = "$(TARGET_NAME)";
				SWIFT_VERSION = 4.2;
				TARGETED_DEVICE_FAMILY = "1,2";
				TEST_HOST = "$(BUILT_PRODUCTS_DIR)/SCTextView.app/SCTextView";
			};
			name = Debug;
		};
		5958D004215FAE3100AD1BA6 /* Release */ = {
			isa = XCBuildConfiguration;
			buildSettings = {
				ALWAYS_EMBED_SWIFT_STANDARD_LIBRARIES = YES;
				BUNDLE_LOADER = "$(TEST_HOST)";
				CODE_SIGN_STYLE = Automatic;
				INFOPLIST_FILE = SCTextViewTests/Info.plist;
				LD_RUNPATH_SEARCH_PATHS = (
					"$(inherited)",
					"@executable_path/Frameworks",
					"@loader_path/Frameworks",
				);
				PRODUCT_BUNDLE_IDENTIFIER = com.tronplay.SCTextViewTests;
				PRODUCT_NAME = "$(TARGET_NAME)";
				SWIFT_VERSION = 4.2;
				TARGETED_DEVICE_FAMILY = "1,2";
				TEST_HOST = "$(BUILT_PRODUCTS_DIR)/SCTextView.app/SCTextView";
			};
			name = Release;
		};
		5958D006215FAE3100AD1BA6 /* Debug */ = {
			isa = XCBuildConfiguration;
			buildSettings = {
				ALWAYS_EMBED_SWIFT_STANDARD_LIBRARIES = YES;
				CODE_SIGN_STYLE = Automatic;
				INFOPLIST_FILE = SCTextViewUITests/Info.plist;
				LD_RUNPATH_SEARCH_PATHS = (
					"$(inherited)",
					"@executable_path/Frameworks",
					"@loader_path/Frameworks",
				);
				PRODUCT_BUNDLE_IDENTIFIER = com.tronplay.SCTextViewUITests;
				PRODUCT_NAME = "$(TARGET_NAME)";
				SWIFT_VERSION = 4.2;
				TARGETED_DEVICE_FAMILY = "1,2";
				TEST_TARGET_NAME = SCTextView;
			};
			name = Debug;
		};
		5958D007215FAE3100AD1BA6 /* Release */ = {
			isa = XCBuildConfiguration;
			buildSettings = {
				ALWAYS_EMBED_SWIFT_STANDARD_LIBRARIES = YES;
				CODE_SIGN_STYLE = Automatic;
				INFOPLIST_FILE = SCTextViewUITests/Info.plist;
				LD_RUNPATH_SEARCH_PATHS = (
					"$(inherited)",
					"@executable_path/Frameworks",
					"@loader_path/Frameworks",
				);
				PRODUCT_BUNDLE_IDENTIFIER = com.tronplay.SCTextViewUITests;
				PRODUCT_NAME = "$(TARGET_NAME)";
				SWIFT_VERSION = 4.2;
				TARGETED_DEVICE_FAMILY = "1,2";
				TEST_TARGET_NAME = SCTextView;
			};
			name = Release;
		};
/* End XCBuildConfiguration section */

/* Begin XCConfigurationList section */
		5958CFD2215FAE3000AD1BA6 /* Build configuration list for PBXProject "SCTextView" */ = {
			isa = XCConfigurationList;
			buildConfigurations = (
				5958CFFD215FAE3100AD1BA6 /* Debug */,
				5958CFFE215FAE3100AD1BA6 /* Release */,
			);
			defaultConfigurationIsVisible = 0;
			defaultConfigurationName = Release;
		};
		5958CFFF215FAE3100AD1BA6 /* Build configuration list for PBXNativeTarget "SCTextView" */ = {
			isa = XCConfigurationList;
			buildConfigurations = (
				5958D000215FAE3100AD1BA6 /* Debug */,
				5958D001215FAE3100AD1BA6 /* Release */,
			);
			defaultConfigurationIsVisible = 0;
			defaultConfigurationName = Release;
		};
		5958D002215FAE3100AD1BA6 /* Build configuration list for PBXNativeTarget "SCTextViewTests" */ = {
			isa = XCConfigurationList;
			buildConfigurations = (
				5958D003215FAE3100AD1BA6 /* Debug */,
				5958D004215FAE3100AD1BA6 /* Release */,
			);
			defaultConfigurationIsVisible = 0;
			defaultConfigurationName = Release;
		};
		5958D005215FAE3100AD1BA6 /* Build configuration list for PBXNativeTarget "SCTextViewUITests" */ = {
			isa = XCConfigurationList;
			buildConfigurations = (
				5958D006215FAE3100AD1BA6 /* Debug */,
				5958D007215FAE3100AD1BA6 /* Release */,
			);
			defaultConfigurationIsVisible = 0;
			defaultConfigurationName = Release;
		};
/* End XCConfigurationList section */
	};
	rootObject = 5958CFCF215FAE3000AD1BA6 /* Project object */;
}
